// !$*UTF8*$!
{
	archiveVersion = 1;
	classes = {
	};
	objectVersion = 46;
	objects = {

/* Begin PBXBuildFile section */
		6897FBCA1C083FA20003D1FF /* main.m in Sources */ = {isa = PBXBuildFile; fileRef = 6897FBC91C083FA20003D1FF /* main.m */; };
		6897FBCD1C083FA20003D1FF /* AppDelegate.m in Sources */ = {isa = PBXBuildFile; fileRef = 6897FBCC1C083FA20003D1FF /* AppDelegate.m */; };
		6897FBD01C083FA20003D1FF /* ViewController.m in Sources */ = {isa = PBXBuildFile; fileRef = 6897FBCF1C083FA20003D1FF /* ViewController.m */; };
		6897FBD31C083FA20003D1FF /* Main.storyboard in Resources */ = {isa = PBXBuildFile; fileRef = 6897FBD11C083FA20003D1FF /* Main.storyboard */; };
		6897FBD51C083FA20003D1FF /* Assets.xcassets in Resources */ = {isa = PBXBuildFile; fileRef = 6897FBD41C083FA20003D1FF /* Assets.xcassets */; };
		6897FBD81C083FA20003D1FF /* LaunchScreen.storyboard in Resources */ = {isa = PBXBuildFile; fileRef = 6897FBD61C083FA20003D1FF /* LaunchScreen.storyboard */; };
		6897FBE21C08421D0003D1FF /* KTPopViewController.m in Sources */ = {isa = PBXBuildFile; fileRef = 6897FBE11C08421D0003D1FF /* KTPopViewController.m */; };
/* End PBXBuildFile section */

/* Begin PBXFileReference section */
		6897FBC51C083FA20003D1FF /* KTPopViewControllerDemo.app */ = {isa = PBXFileReference; explicitFileType = wrapper.application; includeInIndex = 0; path = KTPopViewControllerDemo.app; sourceTree = BUILT_PRODUCTS_DIR; };
		6897FBC91C083FA20003D1FF /* main.m */ = {isa = PBXFileReference; lastKnownFileType = sourcecode.c.objc; path = main.m; sourceTree = "<group>"; };
		6897FBCB1C083FA20003D1FF /* AppDelegate.h */ = {isa = PBXFileReference; lastKnownFileType = sourcecode.c.h; path = AppDelegate.h; sourceTree = "<group>"; };
		6897FBCC1C083FA20003D1FF /* AppDelegate.m */ = {isa = PBXFileReference; lastKnownFileType = sourcecode.c.objc; path = AppDelegate.m; sourceTree = "<group>"; };
		6897FBCE1C083FA20003D1FF /* ViewController.h */ = {isa = PBXFileReference; lastKnownFileType = sourcecode.c.h; path = ViewController.h; sourceTree = "<group>"; };
		6897FBCF1C083FA20003D1FF /* ViewController.m */ = {isa = PBXFileReference; lastKnownFileType = sourcecode.c.objc; path = ViewController.m; sourceTree = "<group>"; };
		6897FBD21C083FA20003D1FF /* Base */ = {isa = PBXFileReference; lastKnownFileType = file.storyboard; name = Base; path = Base.lproj/Main.storyboard; sourceTree = "<group>"; };
		6897FBD41C083FA20003D1FF /* Assets.xcassets */ = {isa = PBXFileReference; lastKnownFileType = folder.assetcatalog; path = Assets.xcassets; sourceTree = "<group>"; };
		6897FBD71C083FA20003D1FF /* Base */ = {isa = PBXFileReference; lastKnownFileType = file.storyboard; name = Base; path = Base.lproj/LaunchScreen.storyboard; sourceTree = "<group>"; };
		6897FBD91C083FA20003D1FF /* Info.plist */ = {isa = PBXFileReference; lastKnownFileType = text.plist.xml; path = Info.plist; sourceTree = "<group>"; };
		6897FBE01C08421D0003D1FF /* KTPopViewController.h */ = {isa = PBXFileReference; fileEncoding = 4; lastKnownFileType = sourcecode.c.h; path = KTPopViewController.h; sourceTree = "<group>"; };
		6897FBE11C08421D0003D1FF /* KTPopViewController.m */ = {isa = PBXFileReference; fileEncoding = 4; lastKnownFileType = sourcecode.c.objc; path = KTPopViewController.m; sourceTree = "<group>"; };
		6897FBE31C0844910003D1FF /* KTPopViewMacro.h */ = {isa = PBXFileReference; lastKnownFileType = sourcecode.c.h; path = KTPopViewMacro.h; sourceTree = "<group>"; };
/* End PBXFileReference section */

/* Begin PBXFrameworksBuildPhase section */
		6897FBC21C083FA20003D1FF /* Frameworks */ = {
			isa = PBXFrameworksBuildPhase;
			buildActionMask = 2147483647;
			files = (
			);
			runOnlyForDeploymentPostprocessing = 0;
		};
/* End PBXFrameworksBuildPhase section */

/* Begin PBXGroup section */
		6897FBBC1C083FA20003D1FF = {
			isa = PBXGroup;
			children = (
				6897FBC71C083FA20003D1FF /* KTPopViewControllerDemo */,
				6897FBC61C083FA20003D1FF /* Products */,
			);
			sourceTree = "<group>";
		};
		6897FBC61C083FA20003D1FF /* Products */ = {
			isa = PBXGroup;
			children = (
				6897FBC51C083FA20003D1FF /* KTPopViewControllerDemo.app */,
			);
			name = Products;
			sourceTree = "<group>";
		};
		6897FBC71C083FA20003D1FF /* KTPopViewControllerDemo */ = {
			isa = PBXGroup;
			children = (
				6897FBDF1C0841FB0003D1FF /* KTPopViewController */,
				6897FBCE1C083FA20003D1FF /* ViewController.h */,
				6897FBCF1C083FA20003D1FF /* ViewController.m */,
				6897FBD11C083FA20003D1FF /* Main.storyboard */,
				6897FBC81C083FA20003D1FF /* Supporting Files */,
			);
			path = KTPopViewControllerDemo;
			sourceTree = "<group>";
		};
		6897FBC81C083FA20003D1FF /* Supporting Files */ = {
			isa = PBXGroup;
			children = (
				6897FBD41C083FA20003D1FF /* Assets.xcassets */,
				6897FBD61C083FA20003D1FF /* LaunchScreen.storyboard */,
				6897FBD91C083FA20003D1FF /* Info.plist */,
				6897FBCB1C083FA20003D1FF /* AppDelegate.h */,
				6897FBCC1C083FA20003D1FF /* AppDelegate.m */,
				6897FBC91C083FA20003D1FF /* main.m */,
			);
			name = "Supporting Files";
			sourceTree = "<group>";
		};
		6897FBDF1C0841FB0003D1FF /* KTPopViewController */ = {
			isa = PBXGroup;
			children = (
				6897FBE01C08421D0003D1FF /* KTPopViewController.h */,
				6897FBE11C08421D0003D1FF /* KTPopViewController.m */,
				6897FBE31C0844910003D1FF /* KTPopViewMacro.h */,
			);
			name = KTPopViewController;
			sourceTree = "<group>";
		};
/* End PBXGroup section */

/* Begin PBXNativeTarget section */
		6897FBC41C083FA20003D1FF /* KTPopViewControllerDemo */ = {
			isa = PBXNativeTarget;
			buildConfigurationList = 6897FBDC1C083FA20003D1FF /* Build configuration list for PBXNativeTarget "KTPopViewControllerDemo" */;
			buildPhases = (
				6897FBC11C083FA20003D1FF /* Sources */,
				6897FBC21C083FA20003D1FF /* Frameworks */,
				6897FBC31C083FA20003D1FF /* Resources */,
			);
			buildRules = (
			);
			dependencies = (
			);
			name = KTPopViewControllerDemo;
			productName = KTPopViewControllerDemo;
			productReference = 6897FBC51C083FA20003D1FF /* KTPopViewControllerDemo.app */;
			productType = "com.apple.product-type.application";
		};
/* End PBXNativeTarget section */

/* Begin PBXProject section */
		6897FBBD1C083FA20003D1FF /* Project object */ = {
			isa = PBXProject;
			attributes = {
				LastUpgradeCheck = 0710;
				ORGANIZATIONNAME = KT;
				TargetAttributes = {
					6897FBC41C083FA20003D1FF = {
						CreatedOnToolsVersion = 7.1;
					};
				};
			};
			buildConfigurationList = 6897FBC01C083FA20003D1FF /* Build configuration list for PBXProject "KTPopViewControllerDemo" */;
			compatibilityVersion = "Xcode 3.2";
			developmentRegion = English;
			hasScannedForEncodings = 0;
			knownRegions = (
				en,
				Base,
			);
			mainGroup = 6897FBBC1C083FA20003D1FF;
			productRefGroup = 6897FBC61C083FA20003D1FF /* Products */;
			projectDirPath = "";
			projectRoot = "";
			targets = (
				6897FBC41C083FA20003D1FF /* KTPopViewControllerDemo */,
			);
		};
/* End PBXProject section */

/* Begin PBXResourcesBuildPhase section */
		6897FBC31C083FA20003D1FF /* Resources */ = {
			isa = PBXResourcesBuildPhase;
			buildActionMask = 2147483647;
			files = (
				6897FBD81C083FA20003D1FF /* LaunchScreen.storyboard in Resources */,
				6897FBD51C083FA20003D1FF /* Assets.xcassets in Resources */,
				6897FBD31C083FA20003D1FF /* Main.storyboard in Resources */,
			);
			runOnlyForDeploymentPostprocessing = 0;
		};
/* End PBXResourcesBuildPhase section */

/* Begin PBXSourcesBuildPhase section */
		6897FBC11C083FA20003D1FF /* Sources */ = {
			isa = PBXSourcesBuildPhase;
			buildActionMask = 2147483647;
			files = (
				6897FBD01C083FA20003D1FF /* ViewController.m in Sources */,
				6897FBE21C08421D0003D1FF /* KTPopViewController.m in Sources */,
				6897FBCD1C083FA20003D1FF /* AppDelegate.m in Sources */,
				6897FBCA1C083FA20003D1FF /* main.m in Sources */,
			);
			runOnlyForDeploymentPostprocessing = 0;
		};
/* End PBXSourcesBuildPhase section */

/* Begin PBXVariantGroup section */
		6897FBD11C083FA20003D1FF /* Main.storyboard */ = {
			isa = PBXVariantGroup;
			children = (
				6897FBD21C083FA20003D1FF /* Base */,
			);
			name = Main.storyboard;
			sourceTree = "<group>";
		};
		6897FBD61C083FA20003D1FF /* LaunchScreen.storyboard */ = {
			isa = PBXVariantGroup;
			children = (
				6897FBD71C083FA20003D1FF /* Base */,
			);
			name = LaunchScreen.storyboard;
			sourceTree = "<group>";
		};
/* End PBXVariantGroup section */

/* Begin XCBuildConfiguration section */
		6897FBDA1C083FA20003D1FF /* Debug */ = {
			isa = XCBuildConfiguration;
			buildSettings = {
				ALWAYS_SEARCH_USER_PATHS = NO;
				CLANG_CXX_LANGUAGE_STANDARD = "gnu++0x";
				CLANG_CXX_LIBRARY = "libc++";
				CLANG_ENABLE_MODULES = YES;
				CLANG_ENABLE_OBJC_ARC = YES;
				CLANG_WARN_BOOL_CONVERSION = YES;
				CLANG_WARN_CONSTANT_CONVERSION = YES;
				CLANG_WARN_DIRECT_OBJC_ISA_USAGE = YES_ERROR;
				CLANG_WARN_EMPTY_BODY = YES;
				CLANG_WARN_ENUM_CONVERSION = YES;
				CLANG_WARN_INT_CONVERSION = YES;
				CLANG_WARN_OBJC_ROOT_CLASS = YES_ERROR;
				CLANG_WARN_UNREACHABLE_CODE = YES;
				CLANG_WARN__DUPLICATE_METHOD_MATCH = YES;
				"CODE_SIGN_IDENTITY[sdk=iphoneos*]" = "iPhone Developer";
				COPY_PHASE_STRIP = NO;
				DEBUG_INFORMATION_FORMAT = dwarf;
				ENABLE_STRICT_OBJC_MSGSEND = YES;
				ENABLE_TESTABILITY = YES;
				GCC_C_LANGUAGE_STANDARD = gnu99;
				GCC_DYNAMIC_NO_PIC = NO;
				GCC_NO_COMMON_BLOCKS = YES;
				GCC_OPTIMIZATION_LEVEL = 0;
				GCC_PREPROCESSOR_DEFINITIONS = (
					"DEBUG=1",
					"$(inherited)",
				);
				GCC_WARN_64_TO_32_BIT_CONVERSION = YES;
				GCC_WARN_ABOUT_RETURN_TYPE = YES_ERROR;
				GCC_WARN_UNDECLARED_SELECTOR = YES;
				GCC_WARN_UNINITIALIZED_AUTOS = YES_AGGRESSIVE;
				GCC_WARN_UNUSED_FUNCTION = YES;
				GCC_WARN_UNUSED_VARIABLE = YES;
				IPHONEOS_DEPLOYMENT_TARGET = 9.1;
				MTL_ENABLE_DEBUG_INFO = YES;
				ONLY_ACTIVE_ARCH = YES;
				SDKROOT = iphoneos;
			};
			name = Debug;
		};
		6897FBDB1C083FA20003D1FF /* Release */ = {
			isa = XCBuildConfiguration;
			buildSettings = {
				ALWAYS_SEARCH_USER_PATHS = NO;
				CLANG_CXX_LANGUAGE_STANDARD = "gnu++0x";
				CLANG_CXX_LIBRARY = "libc++";
				CLANG_ENABLE_MODULES = YES;
				CLANG_ENABLE_OBJC_ARC = YES;
				CLANG_WARN_BOOL_CONVERSION = YES;
				CLANG_WARN_CONSTANT_CONVERSION = YES;
				CLANG_WARN_DIRECT_OBJC_ISA_USAGE = YES_ERROR;
				CLANG_WARN_EMPTY_BODY = YES;
				CLANG_WARN_ENUM_CONVERSION = YES;
				CLANG_WARN_INT_CONVERSION = YES;
				CLANG_WARN_OBJC_ROOT_CLASS = YES_ERROR;
				CLANG_WARN_UNREACHABLE_CODE = YES;
				CLANG_WARN__DUPLICATE_METHOD_MATCH = YES;
				"CODE_SIGN_IDENTITY[sdk=iphoneos*]" = "iPhone Developer";
				COPY_PHASE_STRIP = NO;
				DEBUG_INFORMATION_FORMAT = "dwarf-with-dsym";
				ENABLE_NS_ASSERTIONS = NO;
				ENABLE_STRICT_OBJC_MSGSEND = YES;
				GCC_C_LANGUAGE_STANDARD = gnu99;
				GCC_NO_COMMON_BLOCKS = YES;
				GCC_WARN_64_TO_32_BIT_CONVERSION = YES;
				GCC_WARN_ABOUT_RETURN_TYPE = YES_ERROR;
				GCC_WARN_UNDECLARED_SELECTOR = YES;
				GCC_WARN_UNINITIALIZED_AUTOS = YES_AGGRESSIVE;
				GCC_WARN_UNUSED_FUNCTION = YES;
				GCC_WARN_UNUSED_VARIABLE = YES;
				IPHONEOS_DEPLOYMENT_TARGET = 9.1;
				MTL_ENABLE_DEBUG_INFO = NO;
				SDKROOT = iphoneos;
				VALIDATE_PRODUCT = YES;
			};
			name = Release;
		};
		6897FBDD1C083FA20003D1FF /* Debug */ = {
			isa = XCBuildConfiguration;
			buildSettings = {
				ASSETCATALOG_COMPILER_APPICON_NAME = AppIcon;
				INFOPLIST_FILE = KTPopViewControllerDemo/Info.plist;
				LD_RUNPATH_SEARCH_PATHS = "$(inherited) @executable_path/Frameworks";
				PRODUCT_BUNDLE_IDENTIFIER = KT.WuHou.KTPopViewControllerDemo;
				PRODUCT_NAME = "$(TARGET_NAME)";
			};
			name = Debug;
		};
		6897FBDE1C083FA20003D1FF /* Release */ = {
			isa = XCBuildConfiguration;
			buildSettings = {
				ASSETCATALOG_COMPILER_APPICON_NAME = AppIcon;
				INFOPLIST_FILE = KTPopViewControllerDemo/Info.plist;
				LD_RUNPATH_SEARCH_PATHS = "$(inherited) @executable_path/Frameworks";
				PRODUCT_BUNDLE_IDENTIFIER = KT.WuHou.KTPopViewControllerDemo;
				PRODUCT_NAME = "$(TARGET_NAME)";
			};
			name = Release;
		};
/* End XCBuildConfiguration section */

/* Begin XCConfigurationList section */
		6897FBC01C083FA20003D1FF /* Build configuration list for PBXProject "KTPopViewControllerDemo" */ = {
			isa = XCConfigurationList;
			buildConfigurations = (
				6897FBDA1C083FA20003D1FF /* Debug */,
				6897FBDB1C083FA20003D1FF /* Release */,
			);
			defaultConfigurationIsVisible = 0;
			defaultConfigurationName = Release;
		};
		6897FBDC1C083FA20003D1FF /* Build configuration list for PBXNativeTarget "KTPopViewControllerDemo" */ = {
			isa = XCConfigurationList;
			buildConfigurations = (
				6897FBDD1C083FA20003D1FF /* Debug */,
				6897FBDE1C083FA20003D1FF /* Release */,
			);
			defaultConfigurationIsVisible = 0;
			defaultConfigurationName = Release;
		};
/* End XCConfigurationList section */
	};
	rootObject = 6897FBBD1C083FA20003D1FF /* Project object */;
}
